Microsoft Visual Studio Solution File, Format Version 12.00
# Visual Studio Version 17
VisualStudioVersion = 17.5.2.0
MinimumVisualStudioVersion = 10.0.40219.1
Project("{FAE04EC0-301F-11D3-BF4B-00C04F79EFBC}") = "StockAnalysis", "StockAnalysis.csproj", "{0E13E02F-FA6D-13FA-103C-72DC3AB862AF}"
EndProject
Global
	GlobalSection(SolutionConfigurationPlatforms) = preSolution
		Debug|Any CPU = Debug|Any CPU
		Release|Any CPU = Release|Any CPU
	EndGlobalSection
	GlobalSection(ProjectConfigurationPlatforms) = postSolution
		{0E13E02F-FA6D-13FA-103C-72DC3AB862AF}.Debug|Any CPU.ActiveCfg = Debug|Any CPU
		{0E13E02F-FA6D-13FA-103C-72DC3AB862AF}.Debug|Any CPU.Build.0 = Debug|Any CPU
		{0E13E02F-FA6D-13FA-103C-72DC3AB862AF}.Release|Any CPU.ActiveCfg = Release|Any CPU
		{0E13E02F-FA6D-13FA-103C-72DC3AB862AF}.Release|Any CPU.Build.0 = Release|Any CPU
	EndGlobalSection
	GlobalSection(SolutionProperties) = preSolution
		HideSolutionNode = FALSE
	EndGlobalSection
	GlobalSection(ExtensibilityGlobals) = postSolution
		SolutionGuid = {B5D8EE2E-D71E-45F4-ADFC-F60D49D57062}
	EndGlobalSection
EndGlobal
